
Microsoft Visual Studio Solution File, Format Version 12.00
# Visual Studio 15
VisualStudioVersion = 15.0.26730.16
MinimumVisualStudioVersion = 10.0.40219.1
Project("{FAE04EC0-301F-11D3-BF4B-00C04F79EFBC}") = "BilgeAdam.EgeanStore.Client", "BilgeAdam.EgeanStore.Client\BilgeAdam.EgeanStore.Client.csproj", "{664F191B-D66A-4773-9FDF-666E9B7B77F7}"
EndProject
Project("{FAE04EC0-301F-11D3-BF4B-00C04F79EFBC}") = "BilgeAdam.EgeanStore.Business", "BilgeAdam.EgeanStore.Business\BilgeAdam.EgeanStore.Business.csproj", "{A46EB0CE-AEF5-4A99-B77F-656965B1E1D0}"
EndProject
Global
	GlobalSection(SolutionConfigurationPlatforms) = preSolution
		Debug|Any CPU = Debug|Any CPU
		Release|Any CPU = Release|Any CPU
	EndGlobalSection
	GlobalSection(ProjectConfigurationPlatforms) = postSolution
		{664F191B-D66A-4773-9FDF-666E9B7B77F7}.Debug|Any CPU.ActiveCfg = Debug|Any CPU
		{664F191B-D66A-4773-9FDF-666E9B7B77F7}.Debug|Any CPU.Build.0 = Debug|Any CPU
		{664F191B-D66A-4773-9FDF-666E9B7B77F7}.Release|Any CPU.ActiveCfg = Release|Any CPU
		{664F191B-D66A-4773-9FDF-666E9B7B77F7}.Release|Any CPU.Build.0 = Release|Any CPU
		{A46EB0CE-AEF5-4A99-B77F-656965B1E1D0}.Debug|Any CPU.ActiveCfg = Debug|Any CPU
		{A46EB0CE-AEF5-4A99-B77F-656965B1E1D0}.Debug|Any CPU.Build.0 = Debug|Any CPU
		{A46EB0CE-AEF5-4A99-B77F-656965B1E1D0}.Release|Any CPU.ActiveCfg = Release|Any CPU
		{A46EB0CE-AEF5-4A99-B77F-656965B1E1D0}.Release|Any CPU.Build.0 = Release|Any CPU
	EndGlobalSection
	GlobalSection(SolutionProperties) = preSolution
		HideSolutionNode = FALSE
	EndGlobalSection
	GlobalSection(ExtensibilityGlobals) = postSolution
		SolutionGuid = {980D3F50-AA16-4431-BCED-6B0A663D7174}
	EndGlobalSection
EndGlobal
